// !$*UTF8*$!
{
	archiveVersion = 1;
	classes = {
	};
	objectVersion = 77;
	objects = {

/* Begin PBXBuildFile section */
		5012C6F72E291C1D00E0B10F /* Auth in Frameworks */ = {isa = PBXBuildFile; productRef = 5012C6F62E291C1D00E0B10F /* Auth */; };
		5012C6F92E291C1D00E0B10F /* Storage in Frameworks */ = {isa = PBXBuildFile; productRef = 5012C6F82E291C1D00E0B10F /* Storage */; };
		5012C6FB2E291C1D00E0B10F /* Supabase in Frameworks */ = {isa = PBXBuildFile; productRef = 5012C6FA2E291C1D00E0B10F /* Supabase */; };
		501D14BC2E35347900B42886 /* GoogleSignIn in Frameworks */ = {isa = PBXBuildFile; productRef = 501D14BB2E35347900B42886 /* GoogleSignIn */; };
		501D14BE2E35347900B42886 /* GoogleSignInSwift in Frameworks */ = {isa = PBXBuildFile; productRef = 501D14BD2E35347900B42886 /* GoogleSignInSwift */; };
		50ADD6912E328F44003EFAD1 /* WaterfallGrid in Frameworks */ = {isa = PBXBuildFile; productRef = 50ADD6902E328F44003EFAD1 /* WaterfallGrid */; };
		50AFB3C22E34C8CA00EACE6B /* WidgetKit.framework in Frameworks */ = {isa = PBXBuildFile; fileRef = 50AFB3C12E34C8CA00EACE6B /* WidgetKit.framework */; };
		50AFB3C42E34C8CA00EACE6B /* SwiftUI.framework in Frameworks */ = {isa = PBXBuildFile; fileRef = 50AFB3C32E34C8CA00EACE6B /* SwiftUI.framework */; };
		50AFB3CF2E34C8CD00EACE6B /* AlarmLiveActivityExtension.appex in Embed Foundation Extensions */ = {isa = PBXBuildFile; fileRef = 50AFB3BF2E34C8CA00EACE6B /* AlarmLiveActivityExtension.appex */; settings = {ATTRIBUTES = (RemoveHeadersOnCopy, ); }; };
/* End PBXBuildFile section */

/* Begin PBXContainerItemProxy section */
		50AFB3CD2E34C8CD00EACE6B /* PBXContainerItemProxy */ = {
			isa = PBXContainerItemProxy;
			containerPortal = 507FF2902E25847F00B401D2 /* Project object */;
			proxyType = 1;
			remoteGlobalIDString = 50AFB3BE2E34C8CA00EACE6B;
			remoteInfo = AlarmLiveActivityExtension;
		};
/* End PBXContainerItemProxy section */

/* Begin PBXCopyFilesBuildPhase section */
		50AFB3D42E34C8CD00EACE6B /* Embed Foundation Extensions */ = {
			isa = PBXCopyFilesBuildPhase;
			buildActionMask = 2147483647;
			dstPath = "";
			dstSubfolderSpec = 13;
			files = (
				50AFB3CF2E34C8CD00EACE6B /* AlarmLiveActivityExtension.appex in Embed Foundation Extensions */,
			);
			name = "Embed Foundation Extensions";
			runOnlyForDeploymentPostprocessing = 0;
		};
/* End PBXCopyFilesBuildPhase section */

/* Begin PBXFileReference section */
		507FF2982E25847F00B401D2 /* AlaramApp.app */ = {isa = PBXFileReference; explicitFileType = wrapper.application; includeInIndex = 0; path = AlaramApp.app; sourceTree = BUILT_PRODUCTS_DIR; };
		50AFB3BF2E34C8CA00EACE6B /* AlarmLiveActivityExtension.appex */ = {isa = PBXFileReference; explicitFileType = "wrapper.app-extension"; includeInIndex = 0; path = AlarmLiveActivityExtension.appex; sourceTree = BUILT_PRODUCTS_DIR; };
		50AFB3C12E34C8CA00EACE6B /* WidgetKit.framework */ = {isa = PBXFileReference; lastKnownFileType = wrapper.framework; name = WidgetKit.framework; path = System/Library/Frameworks/WidgetKit.framework; sourceTree = SDKROOT; };
		50AFB3C32E34C8CA00EACE6B /* SwiftUI.framework */ = {isa = PBXFileReference; lastKnownFileType = wrapper.framework; name = SwiftUI.framework; path = System/Library/Frameworks/SwiftUI.framework; sourceTree = SDKROOT; };
/* End PBXFileReference section */

/* Begin PBXFileSystemSynchronizedBuildFileExceptionSet section */
		507FF3942E259AED00B401D2 /* Exceptions for "AlaramApp" folder in "AlaramApp" target */ = {
			isa = PBXFileSystemSynchronizedBuildFileExceptionSet;
			membershipExceptions = (
				Info.plist,
			);
			target = 507FF2972E25847F00B401D2 /* AlaramApp */;
		};
		50AFB3D32E34C8CD00EACE6B /* Exceptions for "AlarmLiveActivity" folder in "AlarmLiveActivityExtension" target */ = {
			isa = PBXFileSystemSynchronizedBuildFileExceptionSet;
			membershipExceptions = (
				Info.plist,
			);
			target = 50AFB3BE2E34C8CA00EACE6B /* AlarmLiveActivityExtension */;
		};
		50AFB3D62E34C96000EACE6B /* Exceptions for "AlaramApp" folder in "AlarmLiveActivityExtension" target */ = {
			isa = PBXFileSystemSynchronizedBuildFileExceptionSet;
			membershipExceptions = (
				Shared/AppIntents.swift,
				Shared/CustomAlarmMetaData.swift,
			);
			target = 50AFB3BE2E34C8CA00EACE6B /* AlarmLiveActivityExtension */;
		};
/* End PBXFileSystemSynchronizedBuildFileExceptionSet section */

/* Begin PBXFileSystemSynchronizedRootGroup section */
		507FF29A2E25847F00B401D2 /* AlaramApp */ = {
			isa = PBXFileSystemSynchronizedRootGroup;
			exceptions = (
				507FF3942E259AED00B401D2 /* Exceptions for "AlaramApp" folder in "AlaramApp" target */,
				50AFB3D62E34C96000EACE6B /* Exceptions for "AlaramApp" folder in "AlarmLiveActivityExtension" target */,
			);
			path = AlaramApp;
			sourceTree = "<group>";
		};
		50AFB3C52E34C8CA00EACE6B /* AlarmLiveActivity */ = {
			isa = PBXFileSystemSynchronizedRootGroup;
			exceptions = (
				50AFB3D32E34C8CD00EACE6B /* Exceptions for "AlarmLiveActivity" folder in "AlarmLiveActivityExtension" target */,
			);
			path = AlarmLiveActivity;
			sourceTree = "<group>";
		};
/* End PBXFileSystemSynchronizedRootGroup section */

/* Begin PBXFrameworksBuildPhase section */
		507FF2952E25847F00B401D2 /* Frameworks */ = {
			isa = PBXFrameworksBuildPhase;
			buildActionMask = 2147483647;
			files = (
				501D14BC2E35347900B42886 /* GoogleSignIn in Frameworks */,
				5012C6F92E291C1D00E0B10F /* Storage in Frameworks */,
				50ADD6912E328F44003EFAD1 /* WaterfallGrid in Frameworks */,
				501D14BE2E35347900B42886 /* GoogleSignInSwift in Frameworks */,
				5012C6F72E291C1D00E0B10F /* Auth in Frameworks */,
				5012C6FB2E291C1D00E0B10F /* Supabase in Frameworks */,
			);
			runOnlyForDeploymentPostprocessing = 0;
		};
		50AFB3BC2E34C8CA00EACE6B /* Frameworks */ = {
			isa = PBXFrameworksBuildPhase;
			buildActionMask = 2147483647;
			files = (
				50AFB3C42E34C8CA00EACE6B /* SwiftUI.framework in Frameworks */,
				50AFB3C22E34C8CA00EACE6B /* WidgetKit.framework in Frameworks */,
			);
			runOnlyForDeploymentPostprocessing = 0;
		};
/* End PBXFrameworksBuildPhase section */

/* Begin PBXGroup section */
		507FF28F2E25847F00B401D2 = {
			isa = PBXGroup;
			children = (
				507FF29A2E25847F00B401D2 /* AlaramApp */,
				50AFB3C52E34C8CA00EACE6B /* AlarmLiveActivity */,
				50AFB3C02E34C8CA00EACE6B /* Frameworks */,
				507FF2992E25847F00B401D2 /* Products */,
			);
			sourceTree = "<group>";
		};
		507FF2992E25847F00B401D2 /* Products */ = {
			isa = PBXGroup;
			children = (
				507FF2982E25847F00B401D2 /* AlaramApp.app */,
				50AFB3BF2E34C8CA00EACE6B /* AlarmLiveActivityExtension.appex */,
			);
			name = Products;
			sourceTree = "<group>";
		};
		50AFB3C02E34C8CA00EACE6B /* Frameworks */ = {
			isa = PBXGroup;
			children = (
				50AFB3C12E34C8CA00EACE6B /* WidgetKit.framework */,
				50AFB3C32E34C8CA00EACE6B /* SwiftUI.framework */,
			);
			name = Frameworks;
			sourceTree = "<group>";
		};
/* End PBXGroup section */

/* Begin PBXNativeTarget section */
		507FF2972E25847F00B401D2 /* AlaramApp */ = {
			isa = PBXNativeTarget;
			buildConfigurationList = 507FF2A62E25848100B401D2 /* Build configuration list for PBXNativeTarget "AlaramApp" */;
			buildPhases = (
				507FF2942E25847F00B401D2 /* Sources */,
				507FF2952E25847F00B401D2 /* Frameworks */,
				507FF2962E25847F00B401D2 /* Resources */,
				50AFB3D42E34C8CD00EACE6B /* Embed Foundation Extensions */,
			);
			buildRules = (
			);
			dependencies = (
				50AFB3CE2E34C8CD00EACE6B /* PBXTargetDependency */,
			);
			fileSystemSynchronizedGroups = (
				507FF29A2E25847F00B401D2 /* AlaramApp */,
			);
			name = AlaramApp;
			packageProductDependencies = (
				5012C6F62E291C1D00E0B10F /* Auth */,
				5012C6F82E291C1D00E0B10F /* Storage */,
				5012C6FA2E291C1D00E0B10F /* Supabase */,
				50ADD6902E328F44003EFAD1 /* WaterfallGrid */,
				501D14BB2E35347900B42886 /* GoogleSignIn */,
				501D14BD2E35347900B42886 /* GoogleSignInSwift */,
			);
			productName = AlaramApp;
			productReference = 507FF2982E25847F00B401D2 /* AlaramApp.app */;
			productType = "com.apple.product-type.application";
		};
		50AFB3BE2E34C8CA00EACE6B /* AlarmLiveActivityExtension */ = {
			isa = PBXNativeTarget;
			buildConfigurationList = 50AFB3D02E34C8CD00EACE6B /* Build configuration list for PBXNativeTarget "AlarmLiveActivityExtension" */;
			buildPhases = (
				50AFB3BB2E34C8CA00EACE6B /* Sources */,
				50AFB3BC2E34C8CA00EACE6B /* Frameworks */,
				50AFB3BD2E34C8CA00EACE6B /* Resources */,
			);
			buildRules = (
			);
			dependencies = (
			);
			fileSystemSynchronizedGroups = (
				50AFB3C52E34C8CA00EACE6B /* AlarmLiveActivity */,
			);
			name = AlarmLiveActivityExtension;
			packageProductDependencies = (
			);
			productName = AlarmLiveActivityExtension;
			productReference = 50AFB3BF2E34C8CA00EACE6B /* AlarmLiveActivityExtension.appex */;
			productType = "com.apple.product-type.app-extension";
		};
/* End PBXNativeTarget section */

/* Begin PBXProject section */
		507FF2902E25847F00B401D2 /* Project object */ = {
			isa = PBXProject;
			attributes = {
				BuildIndependentTargetsInParallel = 1;
				LastSwiftUpdateCheck = 2600;
				LastUpgradeCheck = 1620;
				TargetAttributes = {
					507FF2972E25847F00B401D2 = {
						CreatedOnToolsVersion = 16.2;
					};
					50AFB3BE2E34C8CA00EACE6B = {
						CreatedOnToolsVersion = 26.0;
					};
				};
			};
			buildConfigurationList = 507FF2932E25847F00B401D2 /* Build configuration list for PBXProject "AlaramApp" */;
			developmentRegion = en;
			hasScannedForEncodings = 0;
			knownRegions = (
				en,
				Base,
			);
			mainGroup = 507FF28F2E25847F00B401D2;
			minimizedProjectReferenceProxies = 1;
			packageReferences = (
				5012C6F52E291C1D00E0B10F /* XCRemoteSwiftPackageReference "supabase-swift" */,
				50ADD68F2E328F44003EFAD1 /* XCRemoteSwiftPackageReference "WaterfallGrid" */,
				501D14BA2E35347900B42886 /* XCRemoteSwiftPackageReference "GoogleSignIn-iOS" */,
			);
			preferredProjectObjectVersion = 77;
			productRefGroup = 507FF2992E25847F00B401D2 /* Products */;
			projectDirPath = "";
			projectRoot = "";
			targets = (
				507FF2972E25847F00B401D2 /* AlaramApp */,
				50AFB3BE2E34C8CA00EACE6B /* AlarmLiveActivityExtension */,
			);
		};
/* End PBXProject section */

/* Begin PBXResourcesBuildPhase section */
		507FF2962E25847F00B401D2 /* Resources */ = {
			isa = PBXResourcesBuildPhase;
			buildActionMask = 2147483647;
			files = (
			);
			runOnlyForDeploymentPostprocessing = 0;
		};
		50AFB3BD2E34C8CA00EACE6B /* Resources */ = {
			isa = PBXResourcesBuildPhase;
			buildActionMask = 2147483647;
			files = (
			);
			runOnlyForDeploymentPostprocessing = 0;
		};
/* End PBXResourcesBuildPhase section */

/* Begin PBXSourcesBuildPhase section */
		507FF2942E25847F00B401D2 /* Sources */ = {
			isa = PBXSourcesBuildPhase;
			buildActionMask = 2147483647;
			files = (
			);
			runOnlyForDeploymentPostprocessing = 0;
		};
		50AFB3BB2E34C8CA00EACE6B /* Sources */ = {
			isa = PBXSourcesBuildPhase;
			buildActionMask = 2147483647;
			files = (
			);
			runOnlyForDeploymentPostprocessing = 0;
		};
/* End PBXSourcesBuildPhase section */

/* Begin PBXTargetDependency section */
		50AFB3CE2E34C8CD00EACE6B /* PBXTargetDependency */ = {
			isa = PBXTargetDependency;
			target = 50AFB3BE2E34C8CA00EACE6B /* AlarmLiveActivityExtension */;
			targetProxy = 50AFB3CD2E34C8CD00EACE6B /* PBXContainerItemProxy */;
		};
/* End PBXTargetDependency section */

/* Begin XCBuildConfiguration section */
		507FF2A42E25848100B401D2 /* Debug */ = {
			isa = XCBuildConfiguration;
			buildSettings = {
				ALWAYS_SEARCH_USER_PATHS = NO;
				ASSETCATALOG_COMPILER_GENERATE_SWIFT_ASSET_SYMBOL_EXTENSIONS = YES;
				CLANG_ANALYZER_NONNULL = YES;
				CLANG_ANALYZER_NUMBER_OBJECT_CONVERSION = YES_AGGRESSIVE;
				CLANG_CXX_LANGUAGE_STANDARD = "gnu++20";
				CLANG_ENABLE_MODULES = YES;
				CLANG_ENABLE_OBJC_ARC = YES;
				CLANG_ENABLE_OBJC_WEAK = YES;
				CLANG_WARN_BLOCK_CAPTURE_AUTORELEASING = YES;
				CLANG_WARN_BOOL_CONVERSION = YES;
				CLANG_WARN_COMMA = YES;
				CLANG_WARN_CONSTANT_CONVERSION = YES;
				CLANG_WARN_DEPRECATED_OBJC_IMPLEMENTATIONS = YES;
				CLANG_WARN_DIRECT_OBJC_ISA_USAGE = YES_ERROR;
				CLANG_WARN_DOCUMENTATION_COMMENTS = YES;
				CLANG_WARN_EMPTY_BODY = YES;
				CLANG_WARN_ENUM_CONVERSION = YES;
				CLANG_WARN_INFINITE_RECURSION = YES;
				CLANG_WARN_INT_CONVERSION = YES;
				CLANG_WARN_NON_LITERAL_NULL_CONVERSION = YES;
				CLANG_WARN_OBJC_IMPLICIT_RETAIN_SELF = YES;
				CLANG_WARN_OBJC_LITERAL_CONVERSION = YES;
				CLANG_WARN_OBJC_ROOT_CLASS = YES_ERROR;
				CLANG_WARN_QUOTED_INCLUDE_IN_FRAMEWORK_HEADER = YES;
				CLANG_WARN_RANGE_LOOP_ANALYSIS = YES;
				CLANG_WARN_STRICT_PROTOTYPES = YES;
				CLANG_WARN_SUSPICIOUS_MOVE = YES;
				CLANG_WARN_UNGUARDED_AVAILABILITY = YES_AGGRESSIVE;
				CLANG_WARN_UNREACHABLE_CODE = YES;
				CLANG_WARN__DUPLICATE_METHOD_MATCH = YES;
				COPY_PHASE_STRIP = NO;
				DEBUG_INFORMATION_FORMAT = dwarf;
				ENABLE_STRICT_OBJC_MSGSEND = YES;
				ENABLE_TESTABILITY = YES;
				ENABLE_USER_SCRIPT_SANDBOXING = YES;
				GCC_C_LANGUAGE_STANDARD = gnu17;
				GCC_DYNAMIC_NO_PIC = NO;
				GCC_NO_COMMON_BLOCKS = YES;
				GCC_OPTIMIZATION_LEVEL = 0;
				GCC_PREPROCESSOR_DEFINITIONS = (
					"DEBUG=1",
					"$(inherited)",
				);
				GCC_WARN_64_TO_32_BIT_CONVERSION = YES;
				GCC_WARN_ABOUT_RETURN_TYPE = YES_ERROR;
				GCC_WARN_UNDECLARED_SELECTOR = YES;
				GCC_WARN_UNINITIALIZED_AUTOS = YES_AGGRESSIVE;
				GCC_WARN_UNUSED_FUNCTION = YES;
				GCC_WARN_UNUSED_VARIABLE = YES;
				IPHONEOS_DEPLOYMENT_TARGET = 18.2;
				LOCALIZATION_PREFERS_STRING_CATALOGS = YES;
				MTL_ENABLE_DEBUG_INFO = INCLUDE_SOURCE;
				MTL_FAST_MATH = YES;
				ONLY_ACTIVE_ARCH = YES;
				SDKROOT = iphoneos;
				SWIFT_ACTIVE_COMPILATION_CONDITIONS = "DEBUG $(inherited)";
				SWIFT_OPTIMIZATION_LEVEL = "-Onone";
			};
			name = Debug;
		};
		507FF2A52E25848100B401D2 /* Release */ = {
			isa = XCBuildConfiguration;
			buildSettings = {
				ALWAYS_SEARCH_USER_PATHS = NO;
				ASSETCATALOG_COMPILER_GENERATE_SWIFT_ASSET_SYMBOL_EXTENSIONS = YES;
				CLANG_ANALYZER_NONNULL = YES;
				CLANG_ANALYZER_NUMBER_OBJECT_CONVERSION = YES_AGGRESSIVE;
				CLANG_CXX_LANGUAGE_STANDARD = "gnu++20";
				CLANG_ENABLE_MODULES = YES;
				CLANG_ENABLE_OBJC_ARC = YES;
				CLANG_ENABLE_OBJC_WEAK = YES;
				CLANG_WARN_BLOCK_CAPTURE_AUTORELEASING = YES;
				CLANG_WARN_BOOL_CONVERSION = YES;
				CLANG_WARN_COMMA = YES;
				CLANG_WARN_CONSTANT_CONVERSION = YES;
				CLANG_WARN_DEPRECATED_OBJC_IMPLEMENTATIONS = YES;
				CLANG_WARN_DIRECT_OBJC_ISA_USAGE = YES_ERROR;
				CLANG_WARN_DOCUMENTATION_COMMENTS = YES;
				CLANG_WARN_EMPTY_BODY = YES;
				CLANG_WARN_ENUM_CONVERSION = YES;
				CLANG_WARN_INFINITE_RECURSION = YES;
				CLANG_WARN_INT_CONVERSION = YES;
				CLANG_WARN_NON_LITERAL_NULL_CONVERSION = YES;
				CLANG_WARN_OBJC_IMPLICIT_RETAIN_SELF = YES;
				CLANG_WARN_OBJC_LITERAL_CONVERSION = YES;
				CLANG_WARN_OBJC_ROOT_CLASS = YES_ERROR;
				CLANG_WARN_QUOTED_INCLUDE_IN_FRAMEWORK_HEADER = YES;
				CLANG_WARN_RANGE_LOOP_ANALYSIS = YES;
				CLANG_WARN_STRICT_PROTOTYPES = YES;
				CLANG_WARN_SUSPICIOUS_MOVE = YES;
				CLANG_WARN_UNGUARDED_AVAILABILITY = YES_AGGRESSIVE;
				CLANG_WARN_UNREACHABLE_CODE = YES;
				CLANG_WARN__DUPLICATE_METHOD_MATCH = YES;
				COPY_PHASE_STRIP = NO;
				DEBUG_INFORMATION_FORMAT = "dwarf-with-dsym";
				ENABLE_NS_ASSERTIONS = NO;
				ENABLE_STRICT_OBJC_MSGSEND = YES;
				ENABLE_USER_SCRIPT_SANDBOXING = YES;
				GCC_C_LANGUAGE_STANDARD = gnu17;
				GCC_NO_COMMON_BLOCKS = YES;
				GCC_WARN_64_TO_32_BIT_CONVERSION = YES;
				GCC_WARN_ABOUT_RETURN_TYPE = YES_ERROR;
				GCC_WARN_UNDECLARED_SELECTOR = YES;
				GCC_WARN_UNINITIALIZED_AUTOS = YES_AGGRESSIVE;
				GCC_WARN_UNUSED_FUNCTION = YES;
				GCC_WARN_UNUSED_VARIABLE = YES;
				IPHONEOS_DEPLOYMENT_TARGET = 18.2;
				LOCALIZATION_PREFERS_STRING_CATALOGS = YES;
				MTL_ENABLE_DEBUG_INFO = NO;
				MTL_FAST_MATH = YES;
				SDKROOT = iphoneos;
				SWIFT_COMPILATION_MODE = wholemodule;
				VALIDATE_PRODUCT = YES;
			};
			name = Release;
		};
		507FF2A72E25848100B401D2 /* Debug */ = {
			isa = XCBuildConfiguration;
			buildSettings = {
				ASSETCATALOG_COMPILER_APPICON_NAME = AppIcon;
				ASSETCATALOG_COMPILER_GLOBAL_ACCENT_COLOR_NAME = AccentColor;
				CODE_SIGN_STYLE = Automatic;
				CURRENT_PROJECT_VERSION = 1;
				DEVELOPMENT_ASSET_PATHS = "\"AlaramApp/Preview Content\"";
				ENABLE_PREVIEWS = YES;
				GENERATE_INFOPLIST_FILE = YES;
				INFOPLIST_FILE = AlaramApp/Info.plist;
				INFOPLIST_KEY_UIApplicationSceneManifest_Generation = YES;
				INFOPLIST_KEY_UIApplicationSupportsIndirectInputEvents = YES;
				INFOPLIST_KEY_UILaunchStoryboardName = "Launch Screen";
				INFOPLIST_KEY_UISupportedInterfaceOrientations = UIInterfaceOrientationPortrait;
				IPHONEOS_DEPLOYMENT_TARGET = 26.0;
				LD_RUNPATH_SEARCH_PATHS = (
					"$(inherited)",
					"@executable_path/Frameworks",
				);
				MARKETING_VERSION = 1.0;
				PRODUCT_BUNDLE_IDENTIFIER = com.admin.AlaramApp;
				PRODUCT_NAME = "$(TARGET_NAME)";
				SWIFT_EMIT_LOC_STRINGS = YES;
				SWIFT_VERSION = 5.0;
				TARGETED_DEVICE_FAMILY = "1,2";
			};
			name = Debug;
		};
		507FF2A82E25848100B401D2 /* Release */ = {
			isa = XCBuildConfiguration;
			buildSettings = {
				ASSETCATALOG_COMPILER_APPICON_NAME = AppIcon;
				ASSETCATALOG_COMPILER_GLOBAL_ACCENT_COLOR_NAME = AccentColor;
				CODE_SIGN_STYLE = Automatic;
				CURRENT_PROJECT_VERSION = 1;
				DEVELOPMENT_ASSET_PATHS = "\"AlaramApp/Preview Content\"";
				ENABLE_PREVIEWS = YES;
				GENERATE_INFOPLIST_FILE = YES;
				INFOPLIST_FILE = AlaramApp/Info.plist;
				INFOPLIST_KEY_UIApplicationSceneManifest_Generation = YES;
				INFOPLIST_KEY_UIApplicationSupportsIndirectInputEvents = YES;
				INFOPLIST_KEY_UILaunchStoryboardName = "Launch Screen";
				INFOPLIST_KEY_UISupportedInterfaceOrientations = UIInterfaceOrientationPortrait;
				IPHONEOS_DEPLOYMENT_TARGET = 26.0;
				LD_RUNPATH_SEARCH_PATHS = (
					"$(inherited)",
					"@executable_path/Frameworks",
				);
				MARKETING_VERSION = 1.0;
				PRODUCT_BUNDLE_IDENTIFIER = com.admin.AlaramApp;
				PRODUCT_NAME = "$(TARGET_NAME)";
				SWIFT_EMIT_LOC_STRINGS = YES;
				SWIFT_VERSION = 5.0;
				TARGETED_DEVICE_FAMILY = "1,2";
			};
			name = Release;
		};
		50AFB3D12E34C8CD00EACE6B /* Debug */ = {
			isa = XCBuildConfiguration;
			buildSettings = {
				ASSETCATALOG_COMPILER_GLOBAL_ACCENT_COLOR_NAME = AccentColor;
				ASSETCATALOG_COMPILER_WIDGET_BACKGROUND_COLOR_NAME = WidgetBackground;
				CODE_SIGN_STYLE = Automatic;
				CURRENT_PROJECT_VERSION = 1;
				GENERATE_INFOPLIST_FILE = YES;
				INFOPLIST_FILE = AlarmLiveActivity/Info.plist;
				INFOPLIST_KEY_CFBundleDisplayName = AlarmLiveActivity;
				INFOPLIST_KEY_NSHumanReadableCopyright = "";
				IPHONEOS_DEPLOYMENT_TARGET = 26.0;
				LD_RUNPATH_SEARCH_PATHS = (
					"$(inherited)",
					"@executable_path/Frameworks",
					"@executable_path/../../Frameworks",
				);
				MARKETING_VERSION = 1.0;
				PRODUCT_BUNDLE_IDENTIFIER = com.admin.AlaramApp.AlarmLiveActivity;
				PRODUCT_NAME = "$(TARGET_NAME)";
				SKIP_INSTALL = YES;
				STRING_CATALOG_GENERATE_SYMBOLS = YES;
				SWIFT_APPROACHABLE_CONCURRENCY = YES;
				SWIFT_EMIT_LOC_STRINGS = YES;
				SWIFT_UPCOMING_FEATURE_MEMBER_IMPORT_VISIBILITY = YES;
				SWIFT_VERSION = 5.0;
				TARGETED_DEVICE_FAMILY = "1,2";
			};
			name = Debug;
		};
		50AFB3D22E34C8CD00EACE6B /* Release */ = {
			isa = XCBuildConfiguration;
			buildSettings = {
				ASSETCATALOG_COMPILER_GLOBAL_ACCENT_COLOR_NAME = AccentColor;
				ASSETCATALOG_COMPILER_WIDGET_BACKGROUND_COLOR_NAME = WidgetBackground;
				CODE_SIGN_STYLE = Automatic;
				CURRENT_PROJECT_VERSION = 1;
				GENERATE_INFOPLIST_FILE = YES;
				INFOPLIST_FILE = AlarmLiveActivity/Info.plist;
				INFOPLIST_KEY_CFBundleDisplayName = AlarmLiveActivity;
				INFOPLIST_KEY_NSHumanReadableCopyright = "";
				IPHONEOS_DEPLOYMENT_TARGET = 26.0;
				LD_RUNPATH_SEARCH_PATHS = (
					"$(inherited)",
					"@executable_path/Frameworks",
					"@executable_path/../../Frameworks",
				);
				MARKETING_VERSION = 1.0;
				PRODUCT_BUNDLE_IDENTIFIER = com.admin.AlaramApp.AlarmLiveActivity;
				PRODUCT_NAME = "$(TARGET_NAME)";
				SKIP_INSTALL = YES;
				STRING_CATALOG_GENERATE_SYMBOLS = YES;
				SWIFT_APPROACHABLE_CONCURRENCY = YES;
				SWIFT_EMIT_LOC_STRINGS = YES;
				SWIFT_UPCOMING_FEATURE_MEMBER_IMPORT_VISIBILITY = YES;
				SWIFT_VERSION = 5.0;
				TARGETED_DEVICE_FAMILY = "1,2";
			};
			name = Release;
		};
/* End XCBuildConfiguration section */

/* Begin XCConfigurationList section */
		507FF2932E25847F00B401D2 /* Build configuration list for PBXProject "AlaramApp" */ = {
			isa = XCConfigurationList;
			buildConfigurations = (
				507FF2A42E25848100B401D2 /* Debug */,
				507FF2A52E25848100B401D2 /* Release */,
			);
			defaultConfigurationIsVisible = 0;
			defaultConfigurationName = Release;
		};
		507FF2A62E25848100B401D2 /* Build configuration list for PBXNativeTarget "AlaramApp" */ = {
			isa = XCConfigurationList;
			buildConfigurations = (
				507FF2A72E25848100B401D2 /* Debug */,
				507FF2A82E25848100B401D2 /* Release */,
			);
			defaultConfigurationIsVisible = 0;
			defaultConfigurationName = Release;
		};
		50AFB3D02E34C8CD00EACE6B /* Build configuration list for PBXNativeTarget "AlarmLiveActivityExtension" */ = {
			isa = XCConfigurationList;
			buildConfigurations = (
				50AFB3D12E34C8CD00EACE6B /* Debug */,
				50AFB3D22E34C8CD00EACE6B /* Release */,
			);
			defaultConfigurationIsVisible = 0;
			defaultConfigurationName = Release;
		};
/* End XCConfigurationList section */

/* Begin XCRemoteSwiftPackageReference section */
		5012C6F52E291C1D00E0B10F /* XCRemoteSwiftPackageReference "supabase-swift" */ = {
			isa = XCRemoteSwiftPackageReference;
			repositoryURL = "https://github.com/supabase/supabase-swift.git";
			requirement = {
				kind = upToNextMajorVersion;
				minimumVersion = 2.5.1;
			};
		};
		501D14BA2E35347900B42886 /* XCRemoteSwiftPackageReference "GoogleSignIn-iOS" */ = {
			isa = XCRemoteSwiftPackageReference;
			repositoryURL = "https://github.com/google/GoogleSignIn-iOS";
			requirement = {
				kind = upToNextMajorVersion;
				minimumVersion = 9.0.0;
			};
		};
		50ADD68F2E328F44003EFAD1 /* XCRemoteSwiftPackageReference "WaterfallGrid" */ = {
			isa = XCRemoteSwiftPackageReference;
			repositoryURL = "https://github.com/paololeonardi/WaterfallGrid.git";
			requirement = {
				kind = upToNextMajorVersion;
				minimumVersion = 1.1.0;
			};
		};
/* End XCRemoteSwiftPackageReference section */

/* Begin XCSwiftPackageProductDependency section */
		5012C6F62E291C1D00E0B10F /* Auth */ = {
			isa = XCSwiftPackageProductDependency;
			package = 5012C6F52E291C1D00E0B10F /* XCRemoteSwiftPackageReference "supabase-swift" */;
			productName = Auth;
		};
		5012C6F82E291C1D00E0B10F /* Storage */ = {
			isa = XCSwiftPackageProductDependency;
			package = 5012C6F52E291C1D00E0B10F /* XCRemoteSwiftPackageReference "supabase-swift" */;
			productName = Storage;
		};
		5012C6FA2E291C1D00E0B10F /* Supabase */ = {
			isa = XCSwiftPackageProductDependency;
			package = 5012C6F52E291C1D00E0B10F /* XCRemoteSwiftPackageReference "supabase-swift" */;
			productName = Supabase;
		};
		501D14BB2E35347900B42886 /* GoogleSignIn */ = {
			isa = XCSwiftPackageProductDependency;
			package = 501D14BA2E35347900B42886 /* XCRemoteSwiftPackageReference "GoogleSignIn-iOS" */;
			productName = GoogleSignIn;
		};
		501D14BD2E35347900B42886 /* GoogleSignInSwift */ = {
			isa = XCSwiftPackageProductDependency;
			package = 501D14BA2E35347900B42886 /* XCRemoteSwiftPackageReference "GoogleSignIn-iOS" */;
			productName = GoogleSignInSwift;
		};
		50ADD6902E328F44003EFAD1 /* WaterfallGrid */ = {
			isa = XCSwiftPackageProductDependency;
			package = 50ADD68F2E328F44003EFAD1 /* XCRemoteSwiftPackageReference "WaterfallGrid" */;
			productName = WaterfallGrid;
		};
/* End XCSwiftPackageProductDependency section */
	};
	rootObject = 507FF2902E25847F00B401D2 /* Project object */;
}
